PODS:
  - AdPlayerSDK (1.9.8):
    - GoogleAds-IMA-iOS-SDK (~> 3.1)
  - GoogleAds-IMA-iOS-SDK (3.20.0)
  - RxSwift (6.6.0)

DEPENDENCIES:
  - AdPlayerSDK (= 1.9.8)
  - RxSwift

SPEC REPOS:
  trunk:
    - AdPlayerSDK
    - GoogleAds-IMA-iOS-SDK
    - RxSwift

SPEC CHECKSUMS:
  AdPlayerSDK: 157a05c309d2463b5ed8cc60ca292af50d930db6
  GoogleAds-IMA-iOS-SDK: f9a6bd69e34f6c3a2d6b2f7cd56814b78fc680f9
  RxSwift: a4b44f7d24599f674deebd1818eab82e58410632

PODFILE CHECKSUM: f4500c7dd170c11e44df2190e426fe867a1fb265

COCOAPODS: 1.14.3
