PODS:
  - AdPlayerSDK (1.11.1):
    - GoogleAds-IMA-iOS-SDK (~> 3.1)
  - GoogleAds-IMA-iOS-SDK (3.22.1)

DEPENDENCIES:
  - AdPlayerSDK (= 1.11.1)

SPEC REPOS:
  trunk:
    - AdPlayerSDK
    - GoogleAds-IMA-iOS-SDK

SPEC CHECKSUMS:
  AdPlayerSDK: ebb7866de755acba885746b36bfe669013ee9893
  GoogleAds-IMA-iOS-SDK: 160c3616b8371b58016e30aaf441e71d6d9e8f7d

PODFILE CHECKSUM: bb75db459e69569e3318fa8f52ddd9e4511e5216

COCOAPODS: 1.15.2
