PODS:
  - AdPlayerSDK (1.7.3):
    - GoogleAds-IMA-iOS-SDK (~> 3.1)
    - RxSwift (~> 6.6)
    - Sentry (~> 8.13)
  - GoogleAds-IMA-iOS-SDK (3.19.2)
  - RxSwift (6.6.0)
  - Sentry (8.15.2):
    - Sentry/Core (= 8.15.2)
    - SentryPrivate (= 8.15.2)
  - Sentry/Core (8.15.2):
    - SentryPrivate (= 8.15.2)
  - SentryPrivate (8.15.2)

DEPENDENCIES:
  - AdPlayerSDK

SPEC REPOS:
  trunk:
    - AdPlayerSDK
    - GoogleAds-IMA-iOS-SDK
    - RxSwift
    - Sentry
    - SentryPrivate

SPEC CHECKSUMS:
  AdPlayerSDK: 70a828eaff14c2432f9c6346a36692da48fc966e
  GoogleAds-IMA-iOS-SDK: 0e817c05ab26f1b9285c80f4a75e1350a916d50b
  RxSwift: a4b44f7d24599f674deebd1818eab82e58410632
  Sentry: 6f5742b4c47c17c9adcf265f6f328cf4a0ed1923
  SentryPrivate: b2f7996f37781080f04a946eb4e377ff63c64195

PODFILE CHECKSUM: 3fd587f4760d5a8c309d3a009de18dd2a5c89352

COCOAPODS: 1.13.0
