// !$*UTF8*$!
{
	archiveVersion = 1;
	classes = {
	};
	objectVersion = 56;
	objects = {

/* Begin PBXBuildFile section */
		3FD32254FEC6566F63AA8D6E /* Pods_ADPlayerBasicSample.framework in Frameworks */ = {isa = PBXBuildFile; fileRef = F4B16ACE42CBFB9FB78A5AB9 /* Pods_ADPlayerBasicSample.framework */; };
		80004EEB2A7CEE3F00ACFBDB /* AppDelegate.swift in Sources */ = {isa = PBXBuildFile; fileRef = 80004EEA2A7CEE3F00ACFBDB /* AppDelegate.swift */; };
		80004EF42A7CEE4000ACFBDB /* Assets.xcassets in Resources */ = {isa = PBXBuildFile; fileRef = 80004EF32A7CEE4000ACFBDB /* Assets.xcassets */; };
		80004EF72A7CEE4000ACFBDB /* LaunchScreen.storyboard in Resources */ = {isa = PBXBuildFile; fileRef = 80004EF52A7CEE4000ACFBDB /* LaunchScreen.storyboard */; };
		80776A2D2B7FAEFB00E0102E /* TableViewExampleVC.swift in Sources */ = {isa = PBXBuildFile; fileRef = 80776A2C2B7FAEFB00E0102E /* TableViewExampleVC.swift */; };
		80776A2F2B7FAF7700E0102E /* AdCell.swift in Sources */ = {isa = PBXBuildFile; fileRef = 80776A2E2B7FAF7700E0102E /* AdCell.swift */; };
		80776A312B7FB34600E0102E /* TableViewDataSource.swift in Sources */ = {isa = PBXBuildFile; fileRef = 80776A302B7FB34600E0102E /* TableViewDataSource.swift */; };
		80776A332B7FB3D800E0102E /* MockText.swift in Sources */ = {isa = PBXBuildFile; fileRef = 80776A322B7FB3D800E0102E /* MockText.swift */; };
		80776A352B7FB41400E0102E /* TextInfoCell.swift in Sources */ = {isa = PBXBuildFile; fileRef = 80776A342B7FB41400E0102E /* TextInfoCell.swift */; };
		80776A372B7FB45F00E0102E /* UIView+Extensions.swift in Sources */ = {isa = PBXBuildFile; fileRef = 80776A362B7FB45F00E0102E /* UIView+Extensions.swift */; };
		80776A392B7FB53500E0102E /* UITableView+Extensions.swift in Sources */ = {isa = PBXBuildFile; fileRef = 80776A382B7FB53500E0102E /* UITableView+Extensions.swift */; };
		80AC19EA2B90D98A007B405F /* InterstitialExampleVC.swift in Sources */ = {isa = PBXBuildFile; fileRef = 80AC19E92B90D98A007B405F /* InterstitialExampleVC.swift */; };
		80ACEA8C2C4A6CDD00EB77BD /* CollectionViewExampleVC.swift in Sources */ = {isa = PBXBuildFile; fileRef = 80ACEA8B2C4A6CDD00EB77BD /* CollectionViewExampleVC.swift */; };
		80ACEA8E2C4A6E9A00EB77BD /* AdPlacementCollectionViewCell.swift in Sources */ = {isa = PBXBuildFile; fileRef = 80ACEA8D2C4A6E9A00EB77BD /* AdPlacementCollectionViewCell.swift */; };
		80ACEA902C4A717600EB77BD /* TextInfoColectionViewCell.swift in Sources */ = {isa = PBXBuildFile; fileRef = 80ACEA8F2C4A717600EB77BD /* TextInfoColectionViewCell.swift */; };
		80ACEA922C4A74C200EB77BD /* UICollectionView+Extensions.swift in Sources */ = {isa = PBXBuildFile; fileRef = 80ACEA912C4A74C200EB77BD /* UICollectionView+Extensions.swift */; };
		80ACEA942C4AB0E900EB77BD /* BoxColectionViewCell.swift in Sources */ = {isa = PBXBuildFile; fileRef = 80ACEA932C4AB0E900EB77BD /* BoxColectionViewCell.swift */; };
		80E29A342AC1B4A900323B67 /* LandingVC.swift in Sources */ = {isa = PBXBuildFile; fileRef = 80E29A332AC1B4A900323B67 /* LandingVC.swift */; };
		80E29A372AC1BE7900323B67 /* SingleAdVC.swift in Sources */ = {isa = PBXBuildFile; fileRef = 80E29A362AC1BE7900323B67 /* SingleAdVC.swift */; };
/* End PBXBuildFile section */

/* Begin PBXFileReference section */
		33F6BDE9B2CE5C247618863C /* Pods-ADPlayerBasicSample.release.xcconfig */ = {isa = PBXFileReference; includeInIndex = 1; lastKnownFileType = text.xcconfig; name = "Pods-ADPlayerBasicSample.release.xcconfig"; path = "Target Support Files/Pods-ADPlayerBasicSample/Pods-ADPlayerBasicSample.release.xcconfig"; sourceTree = "<group>"; };
		6FF3F00C470F7A4250B8B05B /* Pods-ADPlayerBasicSample.debug.xcconfig */ = {isa = PBXFileReference; includeInIndex = 1; lastKnownFileType = text.xcconfig; name = "Pods-ADPlayerBasicSample.debug.xcconfig"; path = "Target Support Files/Pods-ADPlayerBasicSample/Pods-ADPlayerBasicSample.debug.xcconfig"; sourceTree = "<group>"; };
		80004EE72A7CEE3F00ACFBDB /* ADPlayerBasicSample.app */ = {isa = PBXFileReference; explicitFileType = wrapper.application; includeInIndex = 0; path = ADPlayerBasicSample.app; sourceTree = BUILT_PRODUCTS_DIR; };
		80004EEA2A7CEE3F00ACFBDB /* AppDelegate.swift */ = {isa = PBXFileReference; lastKnownFileType = sourcecode.swift; path = AppDelegate.swift; sourceTree = "<group>"; };
		80004EF32A7CEE4000ACFBDB /* Assets.xcassets */ = {isa = PBXFileReference; lastKnownFileType = folder.assetcatalog; path = Assets.xcassets; sourceTree = "<group>"; };
		80004EF62A7CEE4000ACFBDB /* Base */ = {isa = PBXFileReference; lastKnownFileType = file.storyboard; name = Base; path = Base.lproj/LaunchScreen.storyboard; sourceTree = "<group>"; };
		80004EF82A7CEE4000ACFBDB /* Info.plist */ = {isa = PBXFileReference; lastKnownFileType = text.plist.xml; path = Info.plist; sourceTree = "<group>"; };
		80776A2C2B7FAEFB00E0102E /* TableViewExampleVC.swift */ = {isa = PBXFileReference; lastKnownFileType = sourcecode.swift; path = TableViewExampleVC.swift; sourceTree = "<group>"; };
		80776A2E2B7FAF7700E0102E /* AdCell.swift */ = {isa = PBXFileReference; lastKnownFileType = sourcecode.swift; path = AdCell.swift; sourceTree = "<group>"; };
		80776A302B7FB34600E0102E /* TableViewDataSource.swift */ = {isa = PBXFileReference; lastKnownFileType = sourcecode.swift; path = TableViewDataSource.swift; sourceTree = "<group>"; };
		80776A322B7FB3D800E0102E /* MockText.swift */ = {isa = PBXFileReference; lastKnownFileType = sourcecode.swift; path = MockText.swift; sourceTree = "<group>"; };
		80776A342B7FB41400E0102E /* TextInfoCell.swift */ = {isa = PBXFileReference; lastKnownFileType = sourcecode.swift; path = TextInfoCell.swift; sourceTree = "<group>"; };
		80776A362B7FB45F00E0102E /* UIView+Extensions.swift */ = {isa = PBXFileReference; lastKnownFileType = sourcecode.swift; path = "UIView+Extensions.swift"; sourceTree = "<group>"; };
		80776A382B7FB53500E0102E /* UITableView+Extensions.swift */ = {isa = PBXFileReference; lastKnownFileType = sourcecode.swift; path = "UITableView+Extensions.swift"; sourceTree = "<group>"; };
		80AC19E92B90D98A007B405F /* InterstitialExampleVC.swift */ = {isa = PBXFileReference; fileEncoding = 4; lastKnownFileType = sourcecode.swift; path = InterstitialExampleVC.swift; sourceTree = "<group>"; };
		80ACEA8B2C4A6CDD00EB77BD /* CollectionViewExampleVC.swift */ = {isa = PBXFileReference; lastKnownFileType = sourcecode.swift; path = CollectionViewExampleVC.swift; sourceTree = "<group>"; };
		80ACEA8D2C4A6E9A00EB77BD /* AdPlacementCollectionViewCell.swift */ = {isa = PBXFileReference; lastKnownFileType = sourcecode.swift; path = AdPlacementCollectionViewCell.swift; sourceTree = "<group>"; };
		80ACEA8F2C4A717600EB77BD /* TextInfoColectionViewCell.swift */ = {isa = PBXFileReference; lastKnownFileType = sourcecode.swift; path = TextInfoColectionViewCell.swift; sourceTree = "<group>"; };
		80ACEA912C4A74C200EB77BD /* UICollectionView+Extensions.swift */ = {isa = PBXFileReference; lastKnownFileType = sourcecode.swift; path = "UICollectionView+Extensions.swift"; sourceTree = "<group>"; };
		80ACEA932C4AB0E900EB77BD /* BoxColectionViewCell.swift */ = {isa = PBXFileReference; lastKnownFileType = sourcecode.swift; path = BoxColectionViewCell.swift; sourceTree = "<group>"; };
		80E29A332AC1B4A900323B67 /* LandingVC.swift */ = {isa = PBXFileReference; lastKnownFileType = sourcecode.swift; path = LandingVC.swift; sourceTree = "<group>"; };
		80E29A362AC1BE7900323B67 /* SingleAdVC.swift */ = {isa = PBXFileReference; lastKnownFileType = sourcecode.swift; path = SingleAdVC.swift; sourceTree = "<group>"; };
		F4B16ACE42CBFB9FB78A5AB9 /* Pods_ADPlayerBasicSample.framework */ = {isa = PBXFileReference; explicitFileType = wrapper.framework; includeInIndex = 0; path = Pods_ADPlayerBasicSample.framework; sourceTree = BUILT_PRODUCTS_DIR; };
/* End PBXFileReference section */

/* Begin PBXFrameworksBuildPhase section */
		80004EE42A7CEE3F00ACFBDB /* Frameworks */ = {
			isa = PBXFrameworksBuildPhase;
			buildActionMask = 2147483647;
			files = (
				3FD32254FEC6566F63AA8D6E /* Pods_ADPlayerBasicSample.framework in Frameworks */,
			);
			runOnlyForDeploymentPostprocessing = 0;
		};
/* End PBXFrameworksBuildPhase section */

/* Begin PBXGroup section */
		3B1D932D02BEEA43455E7035 /* Pods */ = {
			isa = PBXGroup;
			children = (
				6FF3F00C470F7A4250B8B05B /* Pods-ADPlayerBasicSample.debug.xcconfig */,
				33F6BDE9B2CE5C247618863C /* Pods-ADPlayerBasicSample.release.xcconfig */,
			);
			path = Pods;
			sourceTree = "<group>";
		};
		3E293ECEFDEF5BF9900CBDE4 /* Frameworks */ = {
			isa = PBXGroup;
			children = (
				F4B16ACE42CBFB9FB78A5AB9 /* Pods_ADPlayerBasicSample.framework */,
			);
			name = Frameworks;
			sourceTree = "<group>";
		};
		80004EDE2A7CEE3F00ACFBDB = {
			isa = PBXGroup;
			children = (
				80004EE92A7CEE3F00ACFBDB /* ADPlayerBasicSample */,
				80004EE82A7CEE3F00ACFBDB /* Products */,
				3B1D932D02BEEA43455E7035 /* Pods */,
				3E293ECEFDEF5BF9900CBDE4 /* Frameworks */,
			);
			sourceTree = "<group>";
		};
		80004EE82A7CEE3F00ACFBDB /* Products */ = {
			isa = PBXGroup;
			children = (
				80004EE72A7CEE3F00ACFBDB /* ADPlayerBasicSample.app */,
			);
			name = Products;
			sourceTree = "<group>";
		};
		80004EE92A7CEE3F00ACFBDB /* ADPlayerBasicSample */ = {
			isa = PBXGroup;
			children = (
				80AC19E82B90D98A007B405F /* Interstitial */,
				80776A2B2B7FAEC600E0102E /* TableView */,
				80ACEA8A2C4A6CB400EB77BD /* CollectionView */,
				80E29A332AC1B4A900323B67 /* LandingVC.swift */,
				80E29A352AC1BE2100323B67 /* Single Ad */,
				80004EEA2A7CEE3F00ACFBDB /* AppDelegate.swift */,
				80004EF32A7CEE4000ACFBDB /* Assets.xcassets */,
				80004EF52A7CEE4000ACFBDB /* LaunchScreen.storyboard */,
				80004EF82A7CEE4000ACFBDB /* Info.plist */,
				80776A322B7FB3D800E0102E /* MockText.swift */,
				80776A362B7FB45F00E0102E /* UIView+Extensions.swift */,
			);
			path = ADPlayerBasicSample;
			sourceTree = "<group>";
		};
		80776A2B2B7FAEC600E0102E /* TableView */ = {
			isa = PBXGroup;
			children = (
				80776A2C2B7FAEFB00E0102E /* TableViewExampleVC.swift */,
				80776A2E2B7FAF7700E0102E /* AdCell.swift */,
				80776A302B7FB34600E0102E /* TableViewDataSource.swift */,
				80776A342B7FB41400E0102E /* TextInfoCell.swift */,
				80776A382B7FB53500E0102E /* UITableView+Extensions.swift */,
			);
			path = TableView;
			sourceTree = "<group>";
		};
		80AC19E82B90D98A007B405F /* Interstitial */ = {
			isa = PBXGroup;
			children = (
				80AC19E92B90D98A007B405F /* InterstitialExampleVC.swift */,
			);
			path = Interstitial;
			sourceTree = "<group>";
		};
		80ACEA8A2C4A6CB400EB77BD /* CollectionView */ = {
			isa = PBXGroup;
			children = (
				80ACEA8B2C4A6CDD00EB77BD /* CollectionViewExampleVC.swift */,
				80ACEA8D2C4A6E9A00EB77BD /* AdPlacementCollectionViewCell.swift */,
				80ACEA8F2C4A717600EB77BD /* TextInfoColectionViewCell.swift */,
				80ACEA912C4A74C200EB77BD /* UICollectionView+Extensions.swift */,
				80ACEA932C4AB0E900EB77BD /* BoxColectionViewCell.swift */,
			);
			path = CollectionView;
			sourceTree = "<group>";
		};
		80E29A352AC1BE2100323B67 /* Single Ad */ = {
			isa = PBXGroup;
			children = (
				80E29A362AC1BE7900323B67 /* SingleAdVC.swift */,
			);
			path = "Single Ad";
			sourceTree = "<group>";
		};
/* End PBXGroup section */

/* Begin PBXNativeTarget section */
		80004EE62A7CEE3F00ACFBDB /* ADPlayerBasicSample */ = {
			isa = PBXNativeTarget;
			buildConfigurationList = 80004EFB2A7CEE4000ACFBDB /* Build configuration list for PBXNativeTarget "ADPlayerBasicSample" */;
			buildPhases = (
				39DC83A9F49B99117FA505FC /* [CP] Check Pods Manifest.lock */,
				80004EE32A7CEE3F00ACFBDB /* Sources */,
				80004EE42A7CEE3F00ACFBDB /* Frameworks */,
				80004EE52A7CEE3F00ACFBDB /* Resources */,
				E3A38D98675A883FAB121BED /* [CP] Embed Pods Frameworks */,
			);
			buildRules = (
			);
			dependencies = (
			);
			name = ADPlayerBasicSample;
			productName = ADPlayerBasicSample;
			productReference = 80004EE72A7CEE3F00ACFBDB /* ADPlayerBasicSample.app */;
			productType = "com.apple.product-type.application";
		};
/* End PBXNativeTarget section */

/* Begin PBXProject section */
		80004EDF2A7CEE3F00ACFBDB /* Project object */ = {
			isa = PBXProject;
			attributes = {
				BuildIndependentTargetsInParallel = 1;
				LastSwiftUpdateCheck = 1430;
				LastUpgradeCheck = 1430;
				TargetAttributes = {
					80004EE62A7CEE3F00ACFBDB = {
						CreatedOnToolsVersion = 14.3;
					};
				};
			};
			buildConfigurationList = 80004EE22A7CEE3F00ACFBDB /* Build configuration list for PBXProject "ADPlayerBasicSample" */;
			compatibilityVersion = "Xcode 14.0";
			developmentRegion = en;
			hasScannedForEncodings = 0;
			knownRegions = (
				en,
				Base,
			);
			mainGroup = 80004EDE2A7CEE3F00ACFBDB;
			productRefGroup = 80004EE82A7CEE3F00ACFBDB /* Products */;
			projectDirPath = "";
			projectRoot = "";
			targets = (
				80004EE62A7CEE3F00ACFBDB /* ADPlayerBasicSample */,
			);
		};
/* End PBXProject section */

/* Begin PBXResourcesBuildPhase section */
		80004EE52A7CEE3F00ACFBDB /* Resources */ = {
			isa = PBXResourcesBuildPhase;
			buildActionMask = 2147483647;
			files = (
				80004EF72A7CEE4000ACFBDB /* LaunchScreen.storyboard in Resources */,
				80004EF42A7CEE4000ACFBDB /* Assets.xcassets in Resources */,
			);
			runOnlyForDeploymentPostprocessing = 0;
		};
/* End PBXResourcesBuildPhase section */

/* Begin PBXShellScriptBuildPhase section */
		39DC83A9F49B99117FA505FC /* [CP] Check Pods Manifest.lock */ = {
			isa = PBXShellScriptBuildPhase;
			buildActionMask = 2147483647;
			files = (
			);
			inputFileListPaths = (
			);
			inputPaths = (
				"${PODS_PODFILE_DIR_PATH}/Podfile.lock",
				"${PODS_ROOT}/Manifest.lock",
			);
			name = "[CP] Check Pods Manifest.lock";
			outputFileListPaths = (
			);
			outputPaths = (
				"$(DERIVED_FILE_DIR)/Pods-ADPlayerBasicSample-checkManifestLockResult.txt",
			);
			runOnlyForDeploymentPostprocessing = 0;
			shellPath = /bin/sh;
			shellScript = "diff \"${PODS_PODFILE_DIR_PATH}/Podfile.lock\" \"${PODS_ROOT}/Manifest.lock\" > /dev/null\nif [ $? != 0 ] ; then\n    # print error to STDERR\n    echo \"error: The sandbox is not in sync with the Podfile.lock. Run 'pod install' or update your CocoaPods installation.\" >&2\n    exit 1\nfi\n# This output is used by Xcode 'outputs' to avoid re-running this script phase.\necho \"SUCCESS\" > \"${SCRIPT_OUTPUT_FILE_0}\"\n";
			showEnvVarsInLog = 0;
		};
		E3A38D98675A883FAB121BED /* [CP] Embed Pods Frameworks */ = {
			isa = PBXShellScriptBuildPhase;
			buildActionMask = 2147483647;
			files = (
			);
			inputFileListPaths = (
				"${PODS_ROOT}/Target Support Files/Pods-ADPlayerBasicSample/Pods-ADPlayerBasicSample-frameworks-${CONFIGURATION}-input-files.xcfilelist",
			);
			name = "[CP] Embed Pods Frameworks";
			outputFileListPaths = (
				"${PODS_ROOT}/Target Support Files/Pods-ADPlayerBasicSample/Pods-ADPlayerBasicSample-frameworks-${CONFIGURATION}-output-files.xcfilelist",
			);
			runOnlyForDeploymentPostprocessing = 0;
			shellPath = /bin/sh;
			shellScript = "\"${PODS_ROOT}/Target Support Files/Pods-ADPlayerBasicSample/Pods-ADPlayerBasicSample-frameworks.sh\"\n";
			showEnvVarsInLog = 0;
		};
/* End PBXShellScriptBuildPhase section */

/* Begin PBXSourcesBuildPhase section */
		80004EE32A7CEE3F00ACFBDB /* Sources */ = {
			isa = PBXSourcesBuildPhase;
			buildActionMask = 2147483647;
			files = (
				80ACEA8E2C4A6E9A00EB77BD /* AdPlacementCollectionViewCell.swift in Sources */,
				80ACEA8C2C4A6CDD00EB77BD /* CollectionViewExampleVC.swift in Sources */,
				80ACEA922C4A74C200EB77BD /* UICollectionView+Extensions.swift in Sources */,
				80776A332B7FB3D800E0102E /* MockText.swift in Sources */,
				80776A372B7FB45F00E0102E /* UIView+Extensions.swift in Sources */,
				80ACEA902C4A717600EB77BD /* TextInfoColectionViewCell.swift in Sources */,
				80776A352B7FB41400E0102E /* TextInfoCell.swift in Sources */,
				80776A2F2B7FAF7700E0102E /* AdCell.swift in Sources */,
				80776A2D2B7FAEFB00E0102E /* TableViewExampleVC.swift in Sources */,
				80ACEA942C4AB0E900EB77BD /* BoxColectionViewCell.swift in Sources */,
				80E29A342AC1B4A900323B67 /* LandingVC.swift in Sources */,
				80776A392B7FB53500E0102E /* UITableView+Extensions.swift in Sources */,
				80004EEB2A7CEE3F00ACFBDB /* AppDelegate.swift in Sources */,
				80776A312B7FB34600E0102E /* TableViewDataSource.swift in Sources */,
				80E29A372AC1BE7900323B67 /* SingleAdVC.swift in Sources */,
				80AC19EA2B90D98A007B405F /* InterstitialExampleVC.swift in Sources */,
			);
			runOnlyForDeploymentPostprocessing = 0;
		};
/* End PBXSourcesBuildPhase section */

/* Begin PBXVariantGroup section */
		80004EF52A7CEE4000ACFBDB /* LaunchScreen.storyboard */ = {
			isa = PBXVariantGroup;
			children = (
				80004EF62A7CEE4000ACFBDB /* Base */,
			);
			name = LaunchScreen.storyboard;
			sourceTree = "<group>";
		};
/* End PBXVariantGroup section */

/* Begin XCBuildConfiguration section */
		80004EF92A7CEE4000ACFBDB /* Debug */ = {
			isa = XCBuildConfiguration;
			buildSettings = {
				ALWAYS_SEARCH_USER_PATHS = NO;
				CLANG_ANALYZER_NONNULL = YES;
				CLANG_ANALYZER_NUMBER_OBJECT_CONVERSION = YES_AGGRESSIVE;
				CLANG_CXX_LANGUAGE_STANDARD = "gnu++20";
				CLANG_ENABLE_MODULES = YES;
				CLANG_ENABLE_OBJC_ARC = YES;
				CLANG_ENABLE_OBJC_WEAK = YES;
				CLANG_WARN_BLOCK_CAPTURE_AUTORELEASING = YES;
				CLANG_WARN_BOOL_CONVERSION = YES;
				CLANG_WARN_COMMA = YES;
				CLANG_WARN_CONSTANT_CONVERSION = YES;
				CLANG_WARN_DEPRECATED_OBJC_IMPLEMENTATIONS = YES;
				CLANG_WARN_DIRECT_OBJC_ISA_USAGE = YES_ERROR;
				CLANG_WARN_DOCUMENTATION_COMMENTS = YES;
				CLANG_WARN_EMPTY_BODY = YES;
				CLANG_WARN_ENUM_CONVERSION = YES;
				CLANG_WARN_INFINITE_RECURSION = YES;
				CLANG_WARN_INT_CONVERSION = YES;
				CLANG_WARN_NON_LITERAL_NULL_CONVERSION = YES;
				CLANG_WARN_OBJC_IMPLICIT_RETAIN_SELF = YES;
				CLANG_WARN_OBJC_LITERAL_CONVERSION = YES;
				CLANG_WARN_OBJC_ROOT_CLASS = YES_ERROR;
				CLANG_WARN_QUOTED_INCLUDE_IN_FRAMEWORK_HEADER = YES;
				CLANG_WARN_RANGE_LOOP_ANALYSIS = YES;
				CLANG_WARN_STRICT_PROTOTYPES = YES;
				CLANG_WARN_SUSPICIOUS_MOVE = YES;
				CLANG_WARN_UNGUARDED_AVAILABILITY = YES_AGGRESSIVE;
				CLANG_WARN_UNREACHABLE_CODE = YES;
				CLANG_WARN__DUPLICATE_METHOD_MATCH = YES;
				COPY_PHASE_STRIP = NO;
				DEBUG_INFORMATION_FORMAT = dwarf;
				ENABLE_STRICT_OBJC_MSGSEND = YES;
				ENABLE_TESTABILITY = YES;
				GCC_C_LANGUAGE_STANDARD = gnu11;
				GCC_DYNAMIC_NO_PIC = NO;
				GCC_NO_COMMON_BLOCKS = YES;
				GCC_OPTIMIZATION_LEVEL = 0;
				GCC_PREPROCESSOR_DEFINITIONS = (
					"DEBUG=1",
					"$(inherited)",
				);
				GCC_WARN_64_TO_32_BIT_CONVERSION = YES;
				GCC_WARN_ABOUT_RETURN_TYPE = YES_ERROR;
				GCC_WARN_UNDECLARED_SELECTOR = YES;
				GCC_WARN_UNINITIALIZED_AUTOS = YES_AGGRESSIVE;
				GCC_WARN_UNUSED_FUNCTION = YES;
				GCC_WARN_UNUSED_VARIABLE = YES;
				IPHONEOS_DEPLOYMENT_TARGET = 16.4;
				MTL_ENABLE_DEBUG_INFO = INCLUDE_SOURCE;
				MTL_FAST_MATH = YES;
				ONLY_ACTIVE_ARCH = YES;
				SDKROOT = iphoneos;
				SWIFT_ACTIVE_COMPILATION_CONDITIONS = DEBUG;
				SWIFT_OPTIMIZATION_LEVEL = "-Onone";
			};
			name = Debug;
		};
		80004EFA2A7CEE4000ACFBDB /* Release */ = {
			isa = XCBuildConfiguration;
			buildSettings = {
				ALWAYS_SEARCH_USER_PATHS = NO;
				CLANG_ANALYZER_NONNULL = YES;
				CLANG_ANALYZER_NUMBER_OBJECT_CONVERSION = YES_AGGRESSIVE;
				CLANG_CXX_LANGUAGE_STANDARD = "gnu++20";
				CLANG_ENABLE_MODULES = YES;
				CLANG_ENABLE_OBJC_ARC = YES;
				CLANG_ENABLE_OBJC_WEAK = YES;
				CLANG_WARN_BLOCK_CAPTURE_AUTORELEASING = YES;
				CLANG_WARN_BOOL_CONVERSION = YES;
				CLANG_WARN_COMMA = YES;
				CLANG_WARN_CONSTANT_CONVERSION = YES;
				CLANG_WARN_DEPRECATED_OBJC_IMPLEMENTATIONS = YES;
				CLANG_WARN_DIRECT_OBJC_ISA_USAGE = YES_ERROR;
				CLANG_WARN_DOCUMENTATION_COMMENTS = YES;
				CLANG_WARN_EMPTY_BODY = YES;
				CLANG_WARN_ENUM_CONVERSION = YES;
				CLANG_WARN_INFINITE_RECURSION = YES;
				CLANG_WARN_INT_CONVERSION = YES;
				CLANG_WARN_NON_LITERAL_NULL_CONVERSION = YES;
				CLANG_WARN_OBJC_IMPLICIT_RETAIN_SELF = YES;
				CLANG_WARN_OBJC_LITERAL_CONVERSION = YES;
				CLANG_WARN_OBJC_ROOT_CLASS = YES_ERROR;
				CLANG_WARN_QUOTED_INCLUDE_IN_FRAMEWORK_HEADER = YES;
				CLANG_WARN_RANGE_LOOP_ANALYSIS = YES;
				CLANG_WARN_STRICT_PROTOTYPES = YES;
				CLANG_WARN_SUSPICIOUS_MOVE = YES;
				CLANG_WARN_UNGUARDED_AVAILABILITY = YES_AGGRESSIVE;
				CLANG_WARN_UNREACHABLE_CODE = YES;
				CLANG_WARN__DUPLICATE_METHOD_MATCH = YES;
				COPY_PHASE_STRIP = NO;
				DEBUG_INFORMATION_FORMAT = "dwarf-with-dsym";
				ENABLE_NS_ASSERTIONS = NO;
				ENABLE_STRICT_OBJC_MSGSEND = YES;
				GCC_C_LANGUAGE_STANDARD = gnu11;
				GCC_NO_COMMON_BLOCKS = YES;
				GCC_WARN_64_TO_32_BIT_CONVERSION = YES;
				GCC_WARN_ABOUT_RETURN_TYPE = YES_ERROR;
				GCC_WARN_UNDECLARED_SELECTOR = YES;
				GCC_WARN_UNINITIALIZED_AUTOS = YES_AGGRESSIVE;
				GCC_WARN_UNUSED_FUNCTION = YES;
				GCC_WARN_UNUSED_VARIABLE = YES;
				IPHONEOS_DEPLOYMENT_TARGET = 16.4;
				MTL_ENABLE_DEBUG_INFO = NO;
				MTL_FAST_MATH = YES;
				SDKROOT = iphoneos;
				SWIFT_COMPILATION_MODE = wholemodule;
				SWIFT_OPTIMIZATION_LEVEL = "-O";
				VALIDATE_PRODUCT = YES;
			};
			name = Release;
		};
		80004EFC2A7CEE4000ACFBDB /* Debug */ = {
			isa = XCBuildConfiguration;
			baseConfigurationReference = 6FF3F00C470F7A4250B8B05B /* Pods-ADPlayerBasicSample.debug.xcconfig */;
			buildSettings = {
				ASSETCATALOG_COMPILER_APPICON_NAME = AppIcon;
				ASSETCATALOG_COMPILER_GLOBAL_ACCENT_COLOR_NAME = AccentColor;
				CODE_SIGN_STYLE = Automatic;
				CURRENT_PROJECT_VERSION = 1;
				DEVELOPMENT_TEAM = RFWCXK55ZR;
				GENERATE_INFOPLIST_FILE = YES;
				INFOPLIST_FILE = ADPlayerBasicSample/Info.plist;
				INFOPLIST_KEY_NSUserTrackingUsageDescription = "Your data will be used to deliver personalized ads to you";
				INFOPLIST_KEY_UIApplicationSupportsIndirectInputEvents = YES;
				INFOPLIST_KEY_UILaunchStoryboardName = LaunchScreen;
				INFOPLIST_KEY_UISupportedInterfaceOrientations = "UIInterfaceOrientationLandscapeLeft UIInterfaceOrientationLandscapeRight UIInterfaceOrientationPortrait";
				LD_RUNPATH_SEARCH_PATHS = (
					"$(inherited)",
					"@executable_path/Frameworks",
				);
				MARKETING_VERSION = 1.0;
				PRODUCT_BUNDLE_IDENTIFIER = com.aniview.ADPlayerBasicSample;
				PRODUCT_NAME = "$(TARGET_NAME)";
				SUPPORTED_PLATFORMS = "iphoneos iphonesimulator";
				SUPPORTS_MACCATALYST = NO;
				SUPPORTS_MAC_DESIGNED_FOR_IPHONE_IPAD = NO;
				SWIFT_EMIT_LOC_STRINGS = YES;
				SWIFT_VERSION = 5.0;
				TARGETED_DEVICE_FAMILY = "1,2";
			};
			name = Debug;
		};
		80004EFD2A7CEE4000ACFBDB /* Release */ = {
			isa = XCBuildConfiguration;
			baseConfigurationReference = 33F6BDE9B2CE5C247618863C /* Pods-ADPlayerBasicSample.release.xcconfig */;
			buildSettings = {
				ASSETCATALOG_COMPILER_APPICON_NAME = AppIcon;
				ASSETCATALOG_COMPILER_GLOBAL_ACCENT_COLOR_NAME = AccentColor;
				CODE_SIGN_STYLE = Automatic;
				CURRENT_PROJECT_VERSION = 1;
				DEVELOPMENT_TEAM = RFWCXK55ZR;
				GENERATE_INFOPLIST_FILE = YES;
				INFOPLIST_FILE = ADPlayerBasicSample/Info.plist;
				INFOPLIST_KEY_NSUserTrackingUsageDescription = "Your data will be used to deliver personalized ads to you";
				INFOPLIST_KEY_UIApplicationSupportsIndirectInputEvents = YES;
				INFOPLIST_KEY_UILaunchStoryboardName = LaunchScreen;
				INFOPLIST_KEY_UISupportedInterfaceOrientations = "UIInterfaceOrientationLandscapeLeft UIInterfaceOrientationLandscapeRight UIInterfaceOrientationPortrait";
				LD_RUNPATH_SEARCH_PATHS = (
					"$(inherited)",
					"@executable_path/Frameworks",
				);
				MARKETING_VERSION = 1.0;
				PRODUCT_BUNDLE_IDENTIFIER = com.aniview.ADPlayerBasicSample;
				PRODUCT_NAME = "$(TARGET_NAME)";
				SUPPORTED_PLATFORMS = "iphoneos iphonesimulator";
				SUPPORTS_MACCATALYST = NO;
				SUPPORTS_MAC_DESIGNED_FOR_IPHONE_IPAD = NO;
				SWIFT_EMIT_LOC_STRINGS = YES;
				SWIFT_VERSION = 5.0;
				TARGETED_DEVICE_FAMILY = "1,2";
			};
			name = Release;
		};
/* End XCBuildConfiguration section */

/* Begin XCConfigurationList section */
		80004EE22A7CEE3F00ACFBDB /* Build configuration list for PBXProject "ADPlayerBasicSample" */ = {
			isa = XCConfigurationList;
			buildConfigurations = (
				80004EF92A7CEE4000ACFBDB /* Debug */,
				80004EFA2A7CEE4000ACFBDB /* Release */,
			);
			defaultConfigurationIsVisible = 0;
			defaultConfigurationName = Release;
		};
		80004EFB2A7CEE4000ACFBDB /* Build configuration list for PBXNativeTarget "ADPlayerBasicSample" */ = {
			isa = XCConfigurationList;
			buildConfigurations = (
				80004EFC2A7CEE4000ACFBDB /* Debug */,
				80004EFD2A7CEE4000ACFBDB /* Release */,
			);
			defaultConfigurationIsVisible = 0;
			defaultConfigurationName = Release;
		};
/* End XCConfigurationList section */
	};
	rootObject = 80004EDF2A7CEE3F00ACFBDB /* Project object */;
}
