PODS:
  - AdPlayerSDK (1.12.2):
    - GoogleAds-IMA-iOS-SDK (~> 3.1)
  - GoogleAds-IMA-iOS-SDK (3.23.0)

DEPENDENCIES:
  - AdPlayerSDK (= 1.12.2)

SPEC REPOS:
  trunk:
    - AdPlayerSDK
    - GoogleAds-IMA-iOS-SDK

SPEC CHECKSUMS:
  AdPlayerSDK: 7191fe8f32b31715234b1a2843382921205a83bf
  GoogleAds-IMA-iOS-SDK: ee2a68ed7a1a17c7bb81bdb1b81590b35a3fc8f3

PODFILE CHECKSUM: 1e22045f857711c40bd5d18cc0e95d73e1dddff9

COCOAPODS: 1.15.2
