PODS:
  - AdPlayerSDK (1.13.7):
    - GoogleAds-IMA-iOS-SDK (~> 3.1)
  - GoogleAds-IMA-iOS-SDK (3.28.10)

DEPENDENCIES:
  - AdPlayerSDK (= 1.13.7)

SPEC REPOS:
  trunk:
    - AdPlayerSDK
    - GoogleAds-IMA-iOS-SDK

SPEC CHECKSUMS:
  AdPlayerSDK: 9010b6141ee039ddb7d916e6903663f6a598964b
  GoogleAds-IMA-iOS-SDK: 2d7d6e4736a5b29c21e5067fdd75f500144e1dcd

PODFILE CHECKSUM: 8d9a3542502debdd9bb3a9c755cdf580fa9ec020

COCOAPODS: 1.16.2
